
Microsoft Visual Studio Solution File, Format Version 12.00
# Visual Studio Version 16
VisualStudioVersion = 16.0.32228.343
MinimumVisualStudioVersion = 10.0.40219.1
Project("{FAE04EC0-301F-11D3-BF4B-00C04F79EFBC}") = "Fibonacci", "Fibonacci.csproj", "{3554B8F1-B1F9-47BB-9BB6-789A110CEA4E}"
EndProject
Project("{FAE04EC0-301F-11D3-BF4B-00C04F79EFBC}") = "Fibonacci.BLayer", "..\Fibonacci.BLayer\Fibonacci.BLayer.csproj", "{8C46C676-80B4-4852-9453-0B2FF4D4EE0C}"
EndProject
Project("{FAE04EC0-301F-11D3-BF4B-00C04F79EFBC}") = "Fibonacci.Model", "..\Fibonacci.Model\Fibonacci.Model.csproj", "{8F282B99-1F64-4E44-8E7E-C4A121004490}"
EndProject
Project("{FAE04EC0-301F-11D3-BF4B-00C04F79EFBC}") = "Fibonacci.UnitTest", "..\Fibonacci.UnitTest\Fibonacci.UnitTest.csproj", "{FDD31762-492C-4CAC-B167-EEF6672BDF0B}"
EndProject
Global
	GlobalSection(SolutionConfigurationPlatforms) = preSolution
		Debug|Any CPU = Debug|Any CPU
		Release|Any CPU = Release|Any CPU
	EndGlobalSection
	GlobalSection(ProjectConfigurationPlatforms) = postSolution
		{3554B8F1-B1F9-47BB-9BB6-789A110CEA4E}.Debug|Any CPU.ActiveCfg = Debug|Any CPU
		{3554B8F1-B1F9-47BB-9BB6-789A110CEA4E}.Debug|Any CPU.Build.0 = Debug|Any CPU
		{3554B8F1-B1F9-47BB-9BB6-789A110CEA4E}.Release|Any CPU.ActiveCfg = Release|Any CPU
		{3554B8F1-B1F9-47BB-9BB6-789A110CEA4E}.Release|Any CPU.Build.0 = Release|Any CPU
		{8C46C676-80B4-4852-9453-0B2FF4D4EE0C}.Debug|Any CPU.ActiveCfg = Debug|Any CPU
		{8C46C676-80B4-4852-9453-0B2FF4D4EE0C}.Debug|Any CPU.Build.0 = Debug|Any CPU
		{8C46C676-80B4-4852-9453-0B2FF4D4EE0C}.Release|Any CPU.ActiveCfg = Release|Any CPU
		{8C46C676-80B4-4852-9453-0B2FF4D4EE0C}.Release|Any CPU.Build.0 = Release|Any CPU
		{8F282B99-1F64-4E44-8E7E-C4A121004490}.Debug|Any CPU.ActiveCfg = Debug|Any CPU
		{8F282B99-1F64-4E44-8E7E-C4A121004490}.Debug|Any CPU.Build.0 = Debug|Any CPU
		{8F282B99-1F64-4E44-8E7E-C4A121004490}.Release|Any CPU.ActiveCfg = Release|Any CPU
		{8F282B99-1F64-4E44-8E7E-C4A121004490}.Release|Any CPU.Build.0 = Release|Any CPU
		{FDD31762-492C-4CAC-B167-EEF6672BDF0B}.Debug|Any CPU.ActiveCfg = Debug|Any CPU
		{FDD31762-492C-4CAC-B167-EEF6672BDF0B}.Debug|Any CPU.Build.0 = Debug|Any CPU
		{FDD31762-492C-4CAC-B167-EEF6672BDF0B}.Release|Any CPU.ActiveCfg = Release|Any CPU
		{FDD31762-492C-4CAC-B167-EEF6672BDF0B}.Release|Any CPU.Build.0 = Release|Any CPU
	EndGlobalSection
	GlobalSection(SolutionProperties) = preSolution
		HideSolutionNode = FALSE
	EndGlobalSection
	GlobalSection(ExtensibilityGlobals) = postSolution
		SolutionGuid = {179D0827-F2BE-4E5D-99A0-BCC5E4CDE22F}
	EndGlobalSection
EndGlobal
